// !$*UTF8*$!
{
	archiveVersion = 1;
	classes = {
	};
	objectVersion = 50;
	objects = {

/* Begin PBXBuildFile section */
		7D8079102175A1D900E392F7 /* AppDelegate.m in Sources */ = {isa = PBXBuildFile; fileRef = 7D80790F2175A1D900E392F7 /* AppDelegate.m */; };
		7D8079132175A1D900E392F7 /* ViewController.m in Sources */ = {isa = PBXBuildFile; fileRef = 7D8079122175A1D900E392F7 /* ViewController.m */; };
		7D8079162175A1D900E392F7 /* Main.storyboard in Resources */ = {isa = PBXBuildFile; fileRef = 7D8079142175A1D900E392F7 /* Main.storyboard */; };
		7D8079182175A1DA00E392F7 /* Assets.xcassets in Resources */ = {isa = PBXBuildFile; fileRef = 7D8079172175A1DA00E392F7 /* Assets.xcassets */; };
		7D80791B2175A1DA00E392F7 /* LaunchScreen.storyboard in Resources */ = {isa = PBXBuildFile; fileRef = 7D8079192175A1DA00E392F7 /* LaunchScreen.storyboard */; };
		7D80791E2175A1DA00E392F7 /* main.m in Sources */ = {isa = PBXBuildFile; fileRef = 7D80791D2175A1DA00E392F7 /* main.m */; };
		7D8079282175A1DA00E392F7 /* SliderSwitchTests.m in Sources */ = {isa = PBXBuildFile; fileRef = 7D8079272175A1DA00E392F7 /* SliderSwitchTests.m */; };
		7D8079332175A1DA00E392F7 /* SliderSwitchUITests.m in Sources */ = {isa = PBXBuildFile; fileRef = 7D8079322175A1DA00E392F7 /* SliderSwitchUITests.m */; };
		7D8079422175A25E00E392F7 /* NLSliderSwitch.m in Sources */ = {isa = PBXBuildFile; fileRef = 7D8079402175A25E00E392F7 /* NLSliderSwitch.m */; };
		7D8079452175A51800E392F7 /* SonViewController.m in Sources */ = {isa = PBXBuildFile; fileRef = 7D8079442175A51800E392F7 /* SonViewController.m */; };
/* End PBXBuildFile section */

/* Begin PBXContainerItemProxy section */
		7D8079242175A1DA00E392F7 /* PBXContainerItemProxy */ = {
			isa = PBXContainerItemProxy;
			containerPortal = 7D8079032175A1D900E392F7 /* Project object */;
			proxyType = 1;
			remoteGlobalIDString = 7D80790A2175A1D900E392F7;
			remoteInfo = SliderSwitch;
		};
		7D80792F2175A1DA00E392F7 /* PBXContainerItemProxy */ = {
			isa = PBXContainerItemProxy;
			containerPortal = 7D8079032175A1D900E392F7 /* Project object */;
			proxyType = 1;
			remoteGlobalIDString = 7D80790A2175A1D900E392F7;
			remoteInfo = SliderSwitch;
		};
/* End PBXContainerItemProxy section */

/* Begin PBXFileReference section */
		7D80790B2175A1D900E392F7 /* SliderSwitch.app */ = {isa = PBXFileReference; explicitFileType = wrapper.application; includeInIndex = 0; path = SliderSwitch.app; sourceTree = BUILT_PRODUCTS_DIR; };
		7D80790E2175A1D900E392F7 /* AppDelegate.h */ = {isa = PBXFileReference; lastKnownFileType = sourcecode.c.h; path = AppDelegate.h; sourceTree = "<group>"; };
		7D80790F2175A1D900E392F7 /* AppDelegate.m */ = {isa = PBXFileReference; lastKnownFileType = sourcecode.c.objc; path = AppDelegate.m; sourceTree = "<group>"; };
		7D8079112175A1D900E392F7 /* ViewController.h */ = {isa = PBXFileReference; lastKnownFileType = sourcecode.c.h; path = ViewController.h; sourceTree = "<group>"; };
		7D8079122175A1D900E392F7 /* ViewController.m */ = {isa = PBXFileReference; lastKnownFileType = sourcecode.c.objc; path = ViewController.m; sourceTree = "<group>"; };
		7D8079152175A1D900E392F7 /* Base */ = {isa = PBXFileReference; lastKnownFileType = file.storyboard; name = Base; path = Base.lproj/Main.storyboard; sourceTree = "<group>"; };
		7D8079172175A1DA00E392F7 /* Assets.xcassets */ = {isa = PBXFileReference; lastKnownFileType = folder.assetcatalog; path = Assets.xcassets; sourceTree = "<group>"; };
		7D80791A2175A1DA00E392F7 /* Base */ = {isa = PBXFileReference; lastKnownFileType = file.storyboard; name = Base; path = Base.lproj/LaunchScreen.storyboard; sourceTree = "<group>"; };
		7D80791C2175A1DA00E392F7 /* Info.plist */ = {isa = PBXFileReference; lastKnownFileType = text.plist.xml; path = Info.plist; sourceTree = "<group>"; };
		7D80791D2175A1DA00E392F7 /* main.m */ = {isa = PBXFileReference; lastKnownFileType = sourcecode.c.objc; path = main.m; sourceTree = "<group>"; };
		7D8079232175A1DA00E392F7 /* SliderSwitchTests.xctest */ = {isa = PBXFileReference; explicitFileType = wrapper.cfbundle; includeInIndex = 0; path = SliderSwitchTests.xctest; sourceTree = BUILT_PRODUCTS_DIR; };
		7D8079272175A1DA00E392F7 /* SliderSwitchTests.m */ = {isa = PBXFileReference; lastKnownFileType = sourcecode.c.objc; path = SliderSwitchTests.m; sourceTree = "<group>"; };
		7D8079292175A1DA00E392F7 /* Info.plist */ = {isa = PBXFileReference; lastKnownFileType = text.plist.xml; path = Info.plist; sourceTree = "<group>"; };
		7D80792E2175A1DA00E392F7 /* SliderSwitchUITests.xctest */ = {isa = PBXFileReference; explicitFileType = wrapper.cfbundle; includeInIndex = 0; path = SliderSwitchUITests.xctest; sourceTree = BUILT_PRODUCTS_DIR; };
		7D8079322175A1DA00E392F7 /* SliderSwitchUITests.m */ = {isa = PBXFileReference; lastKnownFileType = sourcecode.c.objc; path = SliderSwitchUITests.m; sourceTree = "<group>"; };
		7D8079342175A1DA00E392F7 /* Info.plist */ = {isa = PBXFileReference; lastKnownFileType = text.plist.xml; path = Info.plist; sourceTree = "<group>"; };
		7D8079402175A25E00E392F7 /* NLSliderSwitch.m */ = {isa = PBXFileReference; fileEncoding = 4; lastKnownFileType = sourcecode.c.objc; path = NLSliderSwitch.m; sourceTree = "<group>"; };
		7D8079412175A25E00E392F7 /* NLSliderSwitch.h */ = {isa = PBXFileReference; fileEncoding = 4; lastKnownFileType = sourcecode.c.h; path = NLSliderSwitch.h; sourceTree = "<group>"; };
		7D8079432175A51800E392F7 /* SonViewController.h */ = {isa = PBXFileReference; lastKnownFileType = sourcecode.c.h; path = SonViewController.h; sourceTree = "<group>"; };
		7D8079442175A51800E392F7 /* SonViewController.m */ = {isa = PBXFileReference; lastKnownFileType = sourcecode.c.objc; path = SonViewController.m; sourceTree = "<group>"; };
		7D8079462175AD8D00E392F7 /* NLSliderSwitchProtocol.h */ = {isa = PBXFileReference; lastKnownFileType = sourcecode.c.h; path = NLSliderSwitchProtocol.h; sourceTree = "<group>"; };
/* End PBXFileReference section */

/* Begin PBXFrameworksBuildPhase section */
		7D8079082175A1D900E392F7 /* Frameworks */ = {
			isa = PBXFrameworksBuildPhase;
			buildActionMask = 2147483647;
			files = (
			);
			runOnlyForDeploymentPostprocessing = 0;
		};
		7D8079202175A1DA00E392F7 /* Frameworks */ = {
			isa = PBXFrameworksBuildPhase;
			buildActionMask = 2147483647;
			files = (
			);
			runOnlyForDeploymentPostprocessing = 0;
		};
		7D80792B2175A1DA00E392F7 /* Frameworks */ = {
			isa = PBXFrameworksBuildPhase;
			buildActionMask = 2147483647;
			files = (
			);
			runOnlyForDeploymentPostprocessing = 0;
		};
/* End PBXFrameworksBuildPhase section */

/* Begin PBXGroup section */
		7D8079022175A1D900E392F7 = {
			isa = PBXGroup;
			children = (
				7D80790D2175A1D900E392F7 /* SliderSwitch */,
				7D8079262175A1DA00E392F7 /* SliderSwitchTests */,
				7D8079312175A1DA00E392F7 /* SliderSwitchUITests */,
				7D80790C2175A1D900E392F7 /* Products */,
			);
			sourceTree = "<group>";
		};
		7D80790C2175A1D900E392F7 /* Products */ = {
			isa = PBXGroup;
			children = (
				7D80790B2175A1D900E392F7 /* SliderSwitch.app */,
				7D8079232175A1DA00E392F7 /* SliderSwitchTests.xctest */,
				7D80792E2175A1DA00E392F7 /* SliderSwitchUITests.xctest */,
			);
			name = Products;
			sourceTree = "<group>";
		};
		7D80790D2175A1D900E392F7 /* SliderSwitch */ = {
			isa = PBXGroup;
			children = (
				7D8079472175CA1600E392F7 /* NLSliderSwitch */,
				7D80790E2175A1D900E392F7 /* AppDelegate.h */,
				7D80790F2175A1D900E392F7 /* AppDelegate.m */,
				7D8079112175A1D900E392F7 /* ViewController.h */,
				7D8079122175A1D900E392F7 /* ViewController.m */,
				7D8079432175A51800E392F7 /* SonViewController.h */,
				7D8079442175A51800E392F7 /* SonViewController.m */,
				7D8079142175A1D900E392F7 /* Main.storyboard */,
				7D8079172175A1DA00E392F7 /* Assets.xcassets */,
				7D8079192175A1DA00E392F7 /* LaunchScreen.storyboard */,
				7D80791C2175A1DA00E392F7 /* Info.plist */,
				7D80791D2175A1DA00E392F7 /* main.m */,
			);
			path = SliderSwitch;
			sourceTree = "<group>";
		};
		7D8079262175A1DA00E392F7 /* SliderSwitchTests */ = {
			isa = PBXGroup;
			children = (
				7D8079272175A1DA00E392F7 /* SliderSwitchTests.m */,
				7D8079292175A1DA00E392F7 /* Info.plist */,
			);
			path = SliderSwitchTests;
			sourceTree = "<group>";
		};
		7D8079312175A1DA00E392F7 /* SliderSwitchUITests */ = {
			isa = PBXGroup;
			children = (
				7D8079322175A1DA00E392F7 /* SliderSwitchUITests.m */,
				7D8079342175A1DA00E392F7 /* Info.plist */,
			);
			path = SliderSwitchUITests;
			sourceTree = "<group>";
		};
		7D8079472175CA1600E392F7 /* NLSliderSwitch */ = {
			isa = PBXGroup;
			children = (
				7D8079412175A25E00E392F7 /* NLSliderSwitch.h */,
				7D8079402175A25E00E392F7 /* NLSliderSwitch.m */,
				7D8079462175AD8D00E392F7 /* NLSliderSwitchProtocol.h */,
			);
			path = NLSliderSwitch;
			sourceTree = "<group>";
		};
/* End PBXGroup section */

/* Begin PBXNativeTarget section */
		7D80790A2175A1D900E392F7 /* SliderSwitch */ = {
			isa = PBXNativeTarget;
			buildConfigurationList = 7D8079372175A1DA00E392F7 /* Build configuration list for PBXNativeTarget "SliderSwitch" */;
			buildPhases = (
				7D8079072175A1D900E392F7 /* Sources */,
				7D8079082175A1D900E392F7 /* Frameworks */,
				7D8079092175A1D900E392F7 /* Resources */,
			);
			buildRules = (
			);
			dependencies = (
			);
			name = SliderSwitch;
			productName = SliderSwitch;
			productReference = 7D80790B2175A1D900E392F7 /* SliderSwitch.app */;
			productType = "com.apple.product-type.application";
		};
		7D8079222175A1DA00E392F7 /* SliderSwitchTests */ = {
			isa = PBXNativeTarget;
			buildConfigurationList = 7D80793A2175A1DA00E392F7 /* Build configuration list for PBXNativeTarget "SliderSwitchTests" */;
			buildPhases = (
				7D80791F2175A1DA00E392F7 /* Sources */,
				7D8079202175A1DA00E392F7 /* Frameworks */,
				7D8079212175A1DA00E392F7 /* Resources */,
			);
			buildRules = (
			);
			dependencies = (
				7D8079252175A1DA00E392F7 /* PBXTargetDependency */,
			);
			name = SliderSwitchTests;
			productName = SliderSwitchTests;
			productReference = 7D8079232175A1DA00E392F7 /* SliderSwitchTests.xctest */;
			productType = "com.apple.product-type.bundle.unit-test";
		};
		7D80792D2175A1DA00E392F7 /* SliderSwitchUITests */ = {
			isa = PBXNativeTarget;
			buildConfigurationList = 7D80793D2175A1DA00E392F7 /* Build configuration list for PBXNativeTarget "SliderSwitchUITests" */;
			buildPhases = (
				7D80792A2175A1DA00E392F7 /* Sources */,
				7D80792B2175A1DA00E392F7 /* Frameworks */,
				7D80792C2175A1DA00E392F7 /* Resources */,
			);
			buildRules = (
			);
			dependencies = (
				7D8079302175A1DA00E392F7 /* PBXTargetDependency */,
			);
			name = SliderSwitchUITests;
			productName = SliderSwitchUITests;
			productReference = 7D80792E2175A1DA00E392F7 /* SliderSwitchUITests.xctest */;
			productType = "com.apple.product-type.bundle.ui-testing";
		};
/* End PBXNativeTarget section */

/* Begin PBXProject section */
		7D8079032175A1D900E392F7 /* Project object */ = {
			isa = PBXProject;
			attributes = {
				LastUpgradeCheck = 1000;
				ORGANIZATIONNAME = kkmm;
				TargetAttributes = {
					7D80790A2175A1D900E392F7 = {
						CreatedOnToolsVersion = 10.0;
					};
					7D8079222175A1DA00E392F7 = {
						CreatedOnToolsVersion = 10.0;
						TestTargetID = 7D80790A2175A1D900E392F7;
					};
					7D80792D2175A1DA00E392F7 = {
						CreatedOnToolsVersion = 10.0;
						TestTargetID = 7D80790A2175A1D900E392F7;
					};
				};
			};
			buildConfigurationList = 7D8079062175A1D900E392F7 /* Build configuration list for PBXProject "SliderSwitch" */;
			compatibilityVersion = "Xcode 9.3";
			developmentRegion = en;
			hasScannedForEncodings = 0;
			knownRegions = (
				en,
				Base,
			);
			mainGroup = 7D8079022175A1D900E392F7;
			productRefGroup = 7D80790C2175A1D900E392F7 /* Products */;
			projectDirPath = "";
			projectRoot = "";
			targets = (
				7D80790A2175A1D900E392F7 /* SliderSwitch */,
				7D8079222175A1DA00E392F7 /* SliderSwitchTests */,
				7D80792D2175A1DA00E392F7 /* SliderSwitchUITests */,
			);
		};
/* End PBXProject section */

/* Begin PBXResourcesBuildPhase section */
		7D8079092175A1D900E392F7 /* Resources */ = {
			isa = PBXResourcesBuildPhase;
			buildActionMask = 2147483647;
			files = (
				7D80791B2175A1DA00E392F7 /* LaunchScreen.storyboard in Resources */,
				7D8079182175A1DA00E392F7 /* Assets.xcassets in Resources */,
				7D8079162175A1D900E392F7 /* Main.storyboard in Resources */,
			);
			runOnlyForDeploymentPostprocessing = 0;
		};
		7D8079212175A1DA00E392F7 /* Resources */ = {
			isa = PBXResourcesBuildPhase;
			buildActionMask = 2147483647;
			files = (
			);
			runOnlyForDeploymentPostprocessing = 0;
		};
		7D80792C2175A1DA00E392F7 /* Resources */ = {
			isa = PBXResourcesBuildPhase;
			buildActionMask = 2147483647;
			files = (
			);
			runOnlyForDeploymentPostprocessing = 0;
		};
/* End PBXResourcesBuildPhase section */

/* Begin PBXSourcesBuildPhase section */
		7D8079072175A1D900E392F7 /* Sources */ = {
			isa = PBXSourcesBuildPhase;
			buildActionMask = 2147483647;
			files = (
				7D8079132175A1D900E392F7 /* ViewController.m in Sources */,
				7D80791E2175A1DA00E392F7 /* main.m in Sources */,
				7D8079422175A25E00E392F7 /* NLSliderSwitch.m in Sources */,
				7D8079452175A51800E392F7 /* SonViewController.m in Sources */,
				7D8079102175A1D900E392F7 /* AppDelegate.m in Sources */,
			);
			runOnlyForDeploymentPostprocessing = 0;
		};
		7D80791F2175A1DA00E392F7 /* Sources */ = {
			isa = PBXSourcesBuildPhase;
			buildActionMask = 2147483647;
			files = (
				7D8079282175A1DA00E392F7 /* SliderSwitchTests.m in Sources */,
			);
			runOnlyForDeploymentPostprocessing = 0;
		};
		7D80792A2175A1DA00E392F7 /* Sources */ = {
			isa = PBXSourcesBuildPhase;
			buildActionMask = 2147483647;
			files = (
				7D8079332175A1DA00E392F7 /* SliderSwitchUITests.m in Sources */,
			);
			runOnlyForDeploymentPostprocessing = 0;
		};
/* End PBXSourcesBuildPhase section */

/* Begin PBXTargetDependency section */
		7D8079252175A1DA00E392F7 /* PBXTargetDependency */ = {
			isa = PBXTargetDependency;
			target = 7D80790A2175A1D900E392F7 /* SliderSwitch */;
			targetProxy = 7D8079242175A1DA00E392F7 /* PBXContainerItemProxy */;
		};
		7D8079302175A1DA00E392F7 /* PBXTargetDependency */ = {
			isa = PBXTargetDependency;
			target = 7D80790A2175A1D900E392F7 /* SliderSwitch */;
			targetProxy = 7D80792F2175A1DA00E392F7 /* PBXContainerItemProxy */;
		};
/* End PBXTargetDependency section */

/* Begin PBXVariantGroup section */
		7D8079142175A1D900E392F7 /* Main.storyboard */ = {
			isa = PBXVariantGroup;
			children = (
				7D8079152175A1D900E392F7 /* Base */,
			);
			name = Main.storyboard;
			sourceTree = "<group>";
		};
		7D8079192175A1DA00E392F7 /* LaunchScreen.storyboard */ = {
			isa = PBXVariantGroup;
			children = (
				7D80791A2175A1DA00E392F7 /* Base */,
			);
			name = LaunchScreen.storyboard;
			sourceTree = "<group>";
		};
/* End PBXVariantGroup section */

/* Begin XCBuildConfiguration section */
		7D8079352175A1DA00E392F7 /* Debug */ = {
			isa = XCBuildConfiguration;
			buildSettings = {
				ALWAYS_SEARCH_USER_PATHS = NO;
				CLANG_ANALYZER_NONNULL = YES;
				CLANG_ANALYZER_NUMBER_OBJECT_CONVERSION = YES_AGGRESSIVE;
				CLANG_CXX_LANGUAGE_STANDARD = "gnu++14";
				CLANG_CXX_LIBRARY = "libc++";
				CLANG_ENABLE_MODULES = YES;
				CLANG_ENABLE_OBJC_ARC = YES;
				CLANG_ENABLE_OBJC_WEAK = YES;
				CLANG_WARN_BLOCK_CAPTURE_AUTORELEASING = YES;
				CLANG_WARN_BOOL_CONVERSION = YES;
				CLANG_WARN_COMMA = YES;
				CLANG_WARN_CONSTANT_CONVERSION = YES;
				CLANG_WARN_DEPRECATED_OBJC_IMPLEMENTATIONS = YES;
				CLANG_WARN_DIRECT_OBJC_ISA_USAGE = YES_ERROR;
				CLANG_WARN_DOCUMENTATION_COMMENTS = YES;
				CLANG_WARN_EMPTY_BODY = YES;
				CLANG_WARN_ENUM_CONVERSION = YES;
				CLANG_WARN_INFINITE_RECURSION = YES;
				CLANG_WARN_INT_CONVERSION = YES;
				CLANG_WARN_NON_LITERAL_NULL_CONVERSION = YES;
				CLANG_WARN_OBJC_IMPLICIT_RETAIN_SELF = YES;
				CLANG_WARN_OBJC_LITERAL_CONVERSION = YES;
				CLANG_WARN_OBJC_ROOT_CLASS = YES_ERROR;
				CLANG_WARN_RANGE_LOOP_ANALYSIS = YES;
				CLANG_WARN_STRICT_PROTOTYPES = YES;
				CLANG_WARN_SUSPICIOUS_MOVE = YES;
				CLANG_WARN_UNGUARDED_AVAILABILITY = YES_AGGRESSIVE;
				CLANG_WARN_UNREACHABLE_CODE = YES;
				CLANG_WARN__DUPLICATE_METHOD_MATCH = YES;
				CODE_SIGN_IDENTITY = "iPhone Developer";
				COPY_PHASE_STRIP = NO;
				DEBUG_INFORMATION_FORMAT = dwarf;
				ENABLE_STRICT_OBJC_MSGSEND = YES;
				ENABLE_TESTABILITY = YES;
				GCC_C_LANGUAGE_STANDARD = gnu11;
				GCC_DYNAMIC_NO_PIC = NO;
				GCC_NO_COMMON_BLOCKS = YES;
				GCC_OPTIMIZATION_LEVEL = 0;
				GCC_PREPROCESSOR_DEFINITIONS = (
					"DEBUG=1",
					"$(inherited)",
				);
				GCC_WARN_64_TO_32_BIT_CONVERSION = YES;
				GCC_WARN_ABOUT_RETURN_TYPE = YES_ERROR;
				GCC_WARN_UNDECLARED_SELECTOR = YES;
				GCC_WARN_UNINITIALIZED_AUTOS = YES_AGGRESSIVE;
				GCC_WARN_UNUSED_FUNCTION = YES;
				GCC_WARN_UNUSED_VARIABLE = YES;
				IPHONEOS_DEPLOYMENT_TARGET = 12.0;
				MTL_ENABLE_DEBUG_INFO = INCLUDE_SOURCE;
				MTL_FAST_MATH = YES;
				ONLY_ACTIVE_ARCH = YES;
				SDKROOT = iphoneos;
			};
			name = Debug;
		};
		7D8079362175A1DA00E392F7 /* Release */ = {
			isa = XCBuildConfiguration;
			buildSettings = {
				ALWAYS_SEARCH_USER_PATHS = NO;
				CLANG_ANALYZER_NONNULL = YES;
				CLANG_ANALYZER_NUMBER_OBJECT_CONVERSION = YES_AGGRESSIVE;
				CLANG_CXX_LANGUAGE_STANDARD = "gnu++14";
				CLANG_CXX_LIBRARY = "libc++";
				CLANG_ENABLE_MODULES = YES;
				CLANG_ENABLE_OBJC_ARC = YES;
				CLANG_ENABLE_OBJC_WEAK = YES;
				CLANG_WARN_BLOCK_CAPTURE_AUTORELEASING = YES;
				CLANG_WARN_BOOL_CONVERSION = YES;
				CLANG_WARN_COMMA = YES;
				CLANG_WARN_CONSTANT_CONVERSION = YES;
				CLANG_WARN_DEPRECATED_OBJC_IMPLEMENTATIONS = YES;
				CLANG_WARN_DIRECT_OBJC_ISA_USAGE = YES_ERROR;
				CLANG_WARN_DOCUMENTATION_COMMENTS = YES;
				CLANG_WARN_EMPTY_BODY = YES;
				CLANG_WARN_ENUM_CONVERSION = YES;
				CLANG_WARN_INFINITE_RECURSION = YES;
				CLANG_WARN_INT_CONVERSION = YES;
				CLANG_WARN_NON_LITERAL_NULL_CONVERSION = YES;
				CLANG_WARN_OBJC_IMPLICIT_RETAIN_SELF = YES;
				CLANG_WARN_OBJC_LITERAL_CONVERSION = YES;
				CLANG_WARN_OBJC_ROOT_CLASS = YES_ERROR;
				CLANG_WARN_RANGE_LOOP_ANALYSIS = YES;
				CLANG_WARN_STRICT_PROTOTYPES = YES;
				CLANG_WARN_SUSPICIOUS_MOVE = YES;
				CLANG_WARN_UNGUARDED_AVAILABILITY = YES_AGGRESSIVE;
				CLANG_WARN_UNREACHABLE_CODE = YES;
				CLANG_WARN__DUPLICATE_METHOD_MATCH = YES;
				CODE_SIGN_IDENTITY = "iPhone Developer";
				COPY_PHASE_STRIP = NO;
				DEBUG_INFORMATION_FORMAT = "dwarf-with-dsym";
				ENABLE_NS_ASSERTIONS = NO;
				ENABLE_STRICT_OBJC_MSGSEND = YES;
				GCC_C_LANGUAGE_STANDARD = gnu11;
				GCC_NO_COMMON_BLOCKS = YES;
				GCC_WARN_64_TO_32_BIT_CONVERSION = YES;
				GCC_WARN_ABOUT_RETURN_TYPE = YES_ERROR;
				GCC_WARN_UNDECLARED_SELECTOR = YES;
				GCC_WARN_UNINITIALIZED_AUTOS = YES_AGGRESSIVE;
				GCC_WARN_UNUSED_FUNCTION = YES;
				GCC_WARN_UNUSED_VARIABLE = YES;
				IPHONEOS_DEPLOYMENT_TARGET = 12.0;
				MTL_ENABLE_DEBUG_INFO = NO;
				MTL_FAST_MATH = YES;
				SDKROOT = iphoneos;
				VALIDATE_PRODUCT = YES;
			};
			name = Release;
		};
		7D8079382175A1DA00E392F7 /* Debug */ = {
			isa = XCBuildConfiguration;
			buildSettings = {
				ASSETCATALOG_COMPILER_APPICON_NAME = AppIcon;
				CODE_SIGN_STYLE = Automatic;
				DEVELOPMENT_TEAM = E9SCBD8ZRE;
				INFOPLIST_FILE = SliderSwitch/Info.plist;
				LD_RUNPATH_SEARCH_PATHS = (
					"$(inherited)",
					"@executable_path/Frameworks",
				);
				PRODUCT_BUNDLE_IDENTIFIER = kkmm.SliderSwitch;
				PRODUCT_NAME = "$(TARGET_NAME)";
				TARGETED_DEVICE_FAMILY = "1,2";
			};
			name = Debug;
		};
		7D8079392175A1DA00E392F7 /* Release */ = {
			isa = XCBuildConfiguration;
			buildSettings = {
				ASSETCATALOG_COMPILER_APPICON_NAME = AppIcon;
				CODE_SIGN_STYLE = Automatic;
				DEVELOPMENT_TEAM = E9SCBD8ZRE;
				INFOPLIST_FILE = SliderSwitch/Info.plist;
				LD_RUNPATH_SEARCH_PATHS = (
					"$(inherited)",
					"@executable_path/Frameworks",
				);
				PRODUCT_BUNDLE_IDENTIFIER = kkmm.SliderSwitch;
				PRODUCT_NAME = "$(TARGET_NAME)";
				TARGETED_DEVICE_FAMILY = "1,2";
			};
			name = Release;
		};
		7D80793B2175A1DA00E392F7 /* Debug */ = {
			isa = XCBuildConfiguration;
			buildSettings = {
				BUNDLE_LOADER = "$(TEST_HOST)";
				CODE_SIGN_STYLE = Automatic;
				DEVELOPMENT_TEAM = E9SCBD8ZRE;
				INFOPLIST_FILE = SliderSwitchTests/Info.plist;
				LD_RUNPATH_SEARCH_PATHS = (
					"$(inherited)",
					"@executable_path/Frameworks",
					"@loader_path/Frameworks",
				);
				PRODUCT_BUNDLE_IDENTIFIER = kkmm.SliderSwitchTests;
				PRODUCT_NAME = "$(TARGET_NAME)";
				TARGETED_DEVICE_FAMILY = "1,2";
				TEST_HOST = "$(BUILT_PRODUCTS_DIR)/SliderSwitch.app/SliderSwitch";
			};
			name = Debug;
		};
		7D80793C2175A1DA00E392F7 /* Release */ = {
			isa = XCBuildConfiguration;
			buildSettings = {
				BUNDLE_LOADER = "$(TEST_HOST)";
				CODE_SIGN_STYLE = Automatic;
				DEVELOPMENT_TEAM = E9SCBD8ZRE;
				INFOPLIST_FILE = SliderSwitchTests/Info.plist;
				LD_RUNPATH_SEARCH_PATHS = (
					"$(inherited)",
					"@executable_path/Frameworks",
					"@loader_path/Frameworks",
				);
				PRODUCT_BUNDLE_IDENTIFIER = kkmm.SliderSwitchTests;
				PRODUCT_NAME = "$(TARGET_NAME)";
				TARGETED_DEVICE_FAMILY = "1,2";
				TEST_HOST = "$(BUILT_PRODUCTS_DIR)/SliderSwitch.app/SliderSwitch";
			};
			name = Release;
		};
		7D80793E2175A1DA00E392F7 /* Debug */ = {
			isa = XCBuildConfiguration;
			buildSettings = {
				CODE_SIGN_STYLE = Automatic;
				DEVELOPMENT_TEAM = E9SCBD8ZRE;
				INFOPLIST_FILE = SliderSwitchUITests/Info.plist;
				LD_RUNPATH_SEARCH_PATHS = (
					"$(inherited)",
					"@executable_path/Frameworks",
					"@loader_path/Frameworks",
				);
				PRODUCT_BUNDLE_IDENTIFIER = kkmm.SliderSwitchUITests;
				PRODUCT_NAME = "$(TARGET_NAME)";
				TARGETED_DEVICE_FAMILY = "1,2";
				TEST_TARGET_NAME = SliderSwitch;
			};
			name = Debug;
		};
		7D80793F2175A1DA00E392F7 /* Release */ = {
			isa = XCBuildConfiguration;
			buildSettings = {
				CODE_SIGN_STYLE = Automatic;
				DEVELOPMENT_TEAM = E9SCBD8ZRE;
				INFOPLIST_FILE = SliderSwitchUITests/Info.plist;
				LD_RUNPATH_SEARCH_PATHS = (
					"$(inherited)",
					"@executable_path/Frameworks",
					"@loader_path/Frameworks",
				);
				PRODUCT_BUNDLE_IDENTIFIER = kkmm.SliderSwitchUITests;
				PRODUCT_NAME = "$(TARGET_NAME)";
				TARGETED_DEVICE_FAMILY = "1,2";
				TEST_TARGET_NAME = SliderSwitch;
			};
			name = Release;
		};
/* End XCBuildConfiguration section */

/* Begin XCConfigurationList section */
		7D8079062175A1D900E392F7 /* Build configuration list for PBXProject "SliderSwitch" */ = {
			isa = XCConfigurationList;
			buildConfigurations = (
				7D8079352175A1DA00E392F7 /* Debug */,
				7D8079362175A1DA00E392F7 /* Release */,
			);
			defaultConfigurationIsVisible = 0;
			defaultConfigurationName = Release;
		};
		7D8079372175A1DA00E392F7 /* Build configuration list for PBXNativeTarget "SliderSwitch" */ = {
			isa = XCConfigurationList;
			buildConfigurations = (
				7D8079382175A1DA00E392F7 /* Debug */,
				7D8079392175A1DA00E392F7 /* Release */,
			);
			defaultConfigurationIsVisible = 0;
			defaultConfigurationName = Release;
		};
		7D80793A2175A1DA00E392F7 /* Build configuration list for PBXNativeTarget "SliderSwitchTests" */ = {
			isa = XCConfigurationList;
			buildConfigurations = (
				7D80793B2175A1DA00E392F7 /* Debug */,
				7D80793C2175A1DA00E392F7 /* Release */,
			);
			defaultConfigurationIsVisible = 0;
			defaultConfigurationName = Release;
		};
		7D80793D2175A1DA00E392F7 /* Build configuration list for PBXNativeTarget "SliderSwitchUITests" */ = {
			isa = XCConfigurationList;
			buildConfigurations = (
				7D80793E2175A1DA00E392F7 /* Debug */,
				7D80793F2175A1DA00E392F7 /* Release */,
			);
			defaultConfigurationIsVisible = 0;
			defaultConfigurationName = Release;
		};
/* End XCConfigurationList section */
	};
	rootObject = 7D8079032175A1D900E392F7 /* Project object */;
}
